
Microsoft Visual Studio Solution File, Format Version 12.00
# Visual Studio Version 16
VisualStudioVersion = 16.0.31624.102
MinimumVisualStudioVersion = 10.0.40219.1
Project("{FAE04EC0-301F-11D3-BF4B-00C04F79EFBC}") = "2022.01.25_Fuvar", "2022.01.25_Fuvar\2022.01.25_Fuvar.csproj", "{CA76463A-B0E1-48AF-9D20-DF625646E600}"
EndProject
Global
	GlobalSection(SolutionConfigurationPlatforms) = preSolution
		Debug|Any CPU = Debug|Any CPU
		Release|Any CPU = Release|Any CPU
	EndGlobalSection
	GlobalSection(ProjectConfigurationPlatforms) = postSolution
		{CA76463A-B0E1-48AF-9D20-DF625646E600}.Debug|Any CPU.ActiveCfg = Debug|Any CPU
		{CA76463A-B0E1-48AF-9D20-DF625646E600}.Debug|Any CPU.Build.0 = Debug|Any CPU
		{CA76463A-B0E1-48AF-9D20-DF625646E600}.Release|Any CPU.ActiveCfg = Release|Any CPU
		{CA76463A-B0E1-48AF-9D20-DF625646E600}.Release|Any CPU.Build.0 = Release|Any CPU
	EndGlobalSection
	GlobalSection(SolutionProperties) = preSolution
		HideSolutionNode = FALSE
	EndGlobalSection
	GlobalSection(ExtensibilityGlobals) = postSolution
		SolutionGuid = {C01383D0-4602-455B-AC6E-CB7D0347F741}
	EndGlobalSection
EndGlobal
